// !$*UTF8*$!
{
	archiveVersion = 1;
	classes = {
	};
	objectVersion = 56;
	objects = {

/* Begin PBXBuildFile section */
		3C66F7562B9712EC00EF78B6 /* AppEnums.swift in Sources */ = {isa = PBXBuildFile; fileRef = 3C66F7552B9712EC00EF78B6 /* AppEnums.swift */; };
		3C66F7582B97136600EF78B6 /* AppConstants.swift in Sources */ = {isa = PBXBuildFile; fileRef = 3C66F7572B97136600EF78B6 /* AppConstants.swift */; };
		3C7C50402B96113700FB260B /* Colors.xcassets in Resources */ = {isa = PBXBuildFile; fileRef = 3C7C503F2B96113700FB260B /* Colors.xcassets */; };
		3C7C504B2B961C4900FB260B /* Localizable.xcstrings in Resources */ = {isa = PBXBuildFile; fileRef = 3C7C504A2B961C4900FB260B /* Localizable.xcstrings */; };
		3C7C50532B96268700FB260B /* AppMasterView.swift in Sources */ = {isa = PBXBuildFile; fileRef = 3C7C50522B96268700FB260B /* AppMasterView.swift */; };
		3CB222742B95EE5C003694BC /* ECommerceTCAApp.swift in Sources */ = {isa = PBXBuildFile; fileRef = 3CB222732B95EE5C003694BC /* ECommerceTCAApp.swift */; };
		3CB222782B95EE5D003694BC /* Images.xcassets in Resources */ = {isa = PBXBuildFile; fileRef = 3CB222772B95EE5D003694BC /* Images.xcassets */; };
		3CB222852B95EE5D003694BC /* ECommerceTCATests.swift in Sources */ = {isa = PBXBuildFile; fileRef = 3CB222842B95EE5D003694BC /* ECommerceTCATests.swift */; };
		3CB2228F2B95EE5E003694BC /* ECommerceTCAUITests.swift in Sources */ = {isa = PBXBuildFile; fileRef = 3CB2228E2B95EE5E003694BC /* ECommerceTCAUITests.swift */; };
		3CB222912B95EE5E003694BC /* ECommerceTCAUITestsLaunchTests.swift in Sources */ = {isa = PBXBuildFile; fileRef = 3CB222902B95EE5E003694BC /* ECommerceTCAUITestsLaunchTests.swift */; };
		3CB222A52B95F9A6003694BC /* Launch Screen.storyboard in Resources */ = {isa = PBXBuildFile; fileRef = 3CB222A42B95F9A6003694BC /* Launch Screen.storyboard */; };
		3CB222A92B95FB01003694BC /* ComposableArchitecture in Frameworks */ = {isa = PBXBuildFile; productRef = 3CB222A82B95FB01003694BC /* ComposableArchitecture */; };
		3CB222AC2B95FB24003694BC /* BMSwiftNetworking in Frameworks */ = {isa = PBXBuildFile; productRef = 3CB222AB2B95FB24003694BC /* BMSwiftNetworking */; };
		3CB222AF2B95FB4D003694BC /* BMSwiftUI in Frameworks */ = {isa = PBXBuildFile; productRef = 3CB222AE2B95FB4D003694BC /* BMSwiftUI */; };
/* End PBXBuildFile section */

/* Begin PBXContainerItemProxy section */
		3CB222812B95EE5D003694BC /* PBXContainerItemProxy */ = {
			isa = PBXContainerItemProxy;
			containerPortal = 3CB222682B95EE5C003694BC /* Project object */;
			proxyType = 1;
			remoteGlobalIDString = 3CB2226F2B95EE5C003694BC;
			remoteInfo = ECommerceTCA;
		};
		3CB2228B2B95EE5E003694BC /* PBXContainerItemProxy */ = {
			isa = PBXContainerItemProxy;
			containerPortal = 3CB222682B95EE5C003694BC /* Project object */;
			proxyType = 1;
			remoteGlobalIDString = 3CB2226F2B95EE5C003694BC;
			remoteInfo = ECommerceTCA;
		};
/* End PBXContainerItemProxy section */

/* Begin PBXFileReference section */
		3C66F7552B9712EC00EF78B6 /* AppEnums.swift */ = {isa = PBXFileReference; lastKnownFileType = sourcecode.swift; path = AppEnums.swift; sourceTree = "<group>"; };
		3C66F7572B97136600EF78B6 /* AppConstants.swift */ = {isa = PBXFileReference; lastKnownFileType = sourcecode.swift; path = AppConstants.swift; sourceTree = "<group>"; };
		3C7C503F2B96113700FB260B /* Colors.xcassets */ = {isa = PBXFileReference; lastKnownFileType = folder.assetcatalog; path = Colors.xcassets; sourceTree = "<group>"; };
		3C7C504A2B961C4900FB260B /* Localizable.xcstrings */ = {isa = PBXFileReference; lastKnownFileType = text.json.xcstrings; path = Localizable.xcstrings; sourceTree = "<group>"; };
		3C7C50522B96268700FB260B /* AppMasterView.swift */ = {isa = PBXFileReference; lastKnownFileType = sourcecode.swift; path = AppMasterView.swift; sourceTree = "<group>"; };
		3CB222702B95EE5C003694BC /* ECommerceTCA.app */ = {isa = PBXFileReference; explicitFileType = wrapper.application; includeInIndex = 0; path = ECommerceTCA.app; sourceTree = BUILT_PRODUCTS_DIR; };
		3CB222732B95EE5C003694BC /* ECommerceTCAApp.swift */ = {isa = PBXFileReference; lastKnownFileType = sourcecode.swift; path = ECommerceTCAApp.swift; sourceTree = "<group>"; };
		3CB222772B95EE5D003694BC /* Images.xcassets */ = {isa = PBXFileReference; lastKnownFileType = folder.assetcatalog; path = Images.xcassets; sourceTree = "<group>"; };
		3CB222802B95EE5D003694BC /* ECommerceTCATests.xctest */ = {isa = PBXFileReference; explicitFileType = wrapper.cfbundle; includeInIndex = 0; path = ECommerceTCATests.xctest; sourceTree = BUILT_PRODUCTS_DIR; };
		3CB222842B95EE5D003694BC /* ECommerceTCATests.swift */ = {isa = PBXFileReference; lastKnownFileType = sourcecode.swift; path = ECommerceTCATests.swift; sourceTree = "<group>"; };
		3CB2228A2B95EE5E003694BC /* ECommerceTCAUITests.xctest */ = {isa = PBXFileReference; explicitFileType = wrapper.cfbundle; includeInIndex = 0; path = ECommerceTCAUITests.xctest; sourceTree = BUILT_PRODUCTS_DIR; };
		3CB2228E2B95EE5E003694BC /* ECommerceTCAUITests.swift */ = {isa = PBXFileReference; lastKnownFileType = sourcecode.swift; path = ECommerceTCAUITests.swift; sourceTree = "<group>"; };
		3CB222902B95EE5E003694BC /* ECommerceTCAUITestsLaunchTests.swift */ = {isa = PBXFileReference; lastKnownFileType = sourcecode.swift; path = ECommerceTCAUITestsLaunchTests.swift; sourceTree = "<group>"; };
		3CB222A42B95F9A6003694BC /* Launch Screen.storyboard */ = {isa = PBXFileReference; lastKnownFileType = file.storyboard; path = "Launch Screen.storyboard"; sourceTree = "<group>"; };
		3CB222A62B95F9F0003694BC /* Info.plist */ = {isa = PBXFileReference; lastKnownFileType = text.plist.xml; path = Info.plist; sourceTree = "<group>"; };
/* End PBXFileReference section */

/* Begin PBXFrameworksBuildPhase section */
		3CB2226D2B95EE5C003694BC /* Frameworks */ = {
			isa = PBXFrameworksBuildPhase;
			buildActionMask = 2147483647;
			files = (
				3CB222A92B95FB01003694BC /* ComposableArchitecture in Frameworks */,
				3CB222AF2B95FB4D003694BC /* BMSwiftUI in Frameworks */,
				3CB222AC2B95FB24003694BC /* BMSwiftNetworking in Frameworks */,
			);
			runOnlyForDeploymentPostprocessing = 0;
		};
		3CB2227D2B95EE5D003694BC /* Frameworks */ = {
			isa = PBXFrameworksBuildPhase;
			buildActionMask = 2147483647;
			files = (
			);
			runOnlyForDeploymentPostprocessing = 0;
		};
		3CB222872B95EE5E003694BC /* Frameworks */ = {
			isa = PBXFrameworksBuildPhase;
			buildActionMask = 2147483647;
			files = (
			);
			runOnlyForDeploymentPostprocessing = 0;
		};
/* End PBXFrameworksBuildPhase section */

/* Begin PBXGroup section */
		3C66F74B2B9711AD00EF78B6 /* Helpers */ = {
			isa = PBXGroup;
			children = (
			);
			path = Helpers;
			sourceTree = "<group>";
		};
		3C7C504F2B96215100FB260B /* Scenes */ = {
			isa = PBXGroup;
			children = (
				3C7C50502B96222800FB260B /* AppMasterView */,
			);
			path = Scenes;
			sourceTree = "<group>";
		};
		3C7C50502B96222800FB260B /* AppMasterView */ = {
			isa = PBXGroup;
			children = (
				3C7C50522B96268700FB260B /* AppMasterView.swift */,
			);
			path = AppMasterView;
			sourceTree = "<group>";
		};
		3CB222672B95EE5C003694BC = {
			isa = PBXGroup;
			children = (
				3CB222722B95EE5C003694BC /* ECommerceTCA */,
				3CB222832B95EE5D003694BC /* ECommerceTCATests */,
				3CB2228D2B95EE5E003694BC /* ECommerceTCAUITests */,
				3CB222712B95EE5C003694BC /* Products */,
			);
			sourceTree = "<group>";
		};
		3CB222712B95EE5C003694BC /* Products */ = {
			isa = PBXGroup;
			children = (
				3CB222702B95EE5C003694BC /* ECommerceTCA.app */,
				3CB222802B95EE5D003694BC /* ECommerceTCATests.xctest */,
				3CB2228A2B95EE5E003694BC /* ECommerceTCAUITests.xctest */,
			);
			name = Products;
			sourceTree = "<group>";
		};
		3CB222722B95EE5C003694BC /* ECommerceTCA */ = {
			isa = PBXGroup;
			children = (
				3C7C504F2B96215100FB260B /* Scenes */,
				3CB222A32B95F991003694BC /* LaunchScreen */,
				3CB2229E2B95F2FE003694BC /* Resources */,
				3C66F74B2B9711AD00EF78B6 /* Helpers */,
				3CB2229D2B95F2F8003694BC /* App */,
			);
			path = ECommerceTCA;
			sourceTree = "<group>";
		};
		3CB222832B95EE5D003694BC /* ECommerceTCATests */ = {
			isa = PBXGroup;
			children = (
				3CB222842B95EE5D003694BC /* ECommerceTCATests.swift */,
			);
			path = ECommerceTCATests;
			sourceTree = "<group>";
		};
		3CB2228D2B95EE5E003694BC /* ECommerceTCAUITests */ = {
			isa = PBXGroup;
			children = (
				3CB2228E2B95EE5E003694BC /* ECommerceTCAUITests.swift */,
				3CB222902B95EE5E003694BC /* ECommerceTCAUITestsLaunchTests.swift */,
			);
			path = ECommerceTCAUITests;
			sourceTree = "<group>";
		};
		3CB2229D2B95F2F8003694BC /* App */ = {
			isa = PBXGroup;
			children = (
				3CB222A62B95F9F0003694BC /* Info.plist */,
				3CB222732B95EE5C003694BC /* ECommerceTCAApp.swift */,
			);
			path = App;
			sourceTree = "<group>";
		};
		3CB2229E2B95F2FE003694BC /* Resources */ = {
			isa = PBXGroup;
			children = (
				3CB222772B95EE5D003694BC /* Images.xcassets */,
				3C7C503F2B96113700FB260B /* Colors.xcassets */,
				3C7C504A2B961C4900FB260B /* Localizable.xcstrings */,
				3C66F7552B9712EC00EF78B6 /* AppEnums.swift */,
				3C66F7572B97136600EF78B6 /* AppConstants.swift */,
			);
			path = Resources;
			sourceTree = "<group>";
		};
		3CB222A32B95F991003694BC /* LaunchScreen */ = {
			isa = PBXGroup;
			children = (
				3CB222A42B95F9A6003694BC /* Launch Screen.storyboard */,
			);
			path = LaunchScreen;
			sourceTree = "<group>";
		};
/* End PBXGroup section */

/* Begin PBXNativeTarget section */
		3CB2226F2B95EE5C003694BC /* ECommerceTCA */ = {
			isa = PBXNativeTarget;
			buildConfigurationList = 3CB222942B95EE5E003694BC /* Build configuration list for PBXNativeTarget "ECommerceTCA" */;
			buildPhases = (
				3CB2226C2B95EE5C003694BC /* Sources */,
				3CB2226D2B95EE5C003694BC /* Frameworks */,
				3CB2226E2B95EE5C003694BC /* Resources */,
			);
			buildRules = (
			);
			dependencies = (
				3C7C50442B9614A300FB260B /* PBXTargetDependency */,
			);
			name = ECommerceTCA;
			packageProductDependencies = (
				3CB222A82B95FB01003694BC /* ComposableArchitecture */,
				3CB222AB2B95FB24003694BC /* BMSwiftNetworking */,
				3CB222AE2B95FB4D003694BC /* BMSwiftUI */,
			);
			productName = ECommerceTCA;
			productReference = 3CB222702B95EE5C003694BC /* ECommerceTCA.app */;
			productType = "com.apple.product-type.application";
		};
		3CB2227F2B95EE5D003694BC /* ECommerceTCATests */ = {
			isa = PBXNativeTarget;
			buildConfigurationList = 3CB222972B95EE5E003694BC /* Build configuration list for PBXNativeTarget "ECommerceTCATests" */;
			buildPhases = (
				3CB2227C2B95EE5D003694BC /* Sources */,
				3CB2227D2B95EE5D003694BC /* Frameworks */,
				3CB2227E2B95EE5D003694BC /* Resources */,
			);
			buildRules = (
			);
			dependencies = (
				3CB222822B95EE5D003694BC /* PBXTargetDependency */,
			);
			name = ECommerceTCATests;
			productName = ECommerceTCATests;
			productReference = 3CB222802B95EE5D003694BC /* ECommerceTCATests.xctest */;
			productType = "com.apple.product-type.bundle.unit-test";
		};
		3CB222892B95EE5E003694BC /* ECommerceTCAUITests */ = {
			isa = PBXNativeTarget;
			buildConfigurationList = 3CB2229A2B95EE5E003694BC /* Build configuration list for PBXNativeTarget "ECommerceTCAUITests" */;
			buildPhases = (
				3CB222862B95EE5E003694BC /* Sources */,
				3CB222872B95EE5E003694BC /* Frameworks */,
				3CB222882B95EE5E003694BC /* Resources */,
			);
			buildRules = (
			);
			dependencies = (
				3CB2228C2B95EE5E003694BC /* PBXTargetDependency */,
			);
			name = ECommerceTCAUITests;
			productName = ECommerceTCAUITests;
			productReference = 3CB2228A2B95EE5E003694BC /* ECommerceTCAUITests.xctest */;
			productType = "com.apple.product-type.bundle.ui-testing";
		};
/* End PBXNativeTarget section */

/* Begin PBXProject section */
		3CB222682B95EE5C003694BC /* Project object */ = {
			isa = PBXProject;
			attributes = {
				BuildIndependentTargetsInParallel = 1;
				LastSwiftUpdateCheck = 1520;
				LastUpgradeCheck = 1520;
				TargetAttributes = {
					3CB2226F2B95EE5C003694BC = {
						CreatedOnToolsVersion = 15.2;
					};
					3CB2227F2B95EE5D003694BC = {
						CreatedOnToolsVersion = 15.2;
						TestTargetID = 3CB2226F2B95EE5C003694BC;
					};
					3CB222892B95EE5E003694BC = {
						CreatedOnToolsVersion = 15.2;
						TestTargetID = 3CB2226F2B95EE5C003694BC;
					};
				};
			};
			buildConfigurationList = 3CB2226B2B95EE5C003694BC /* Build configuration list for PBXProject "ECommerceTCA" */;
			compatibilityVersion = "Xcode 14.0";
			developmentRegion = en;
			hasScannedForEncodings = 0;
			knownRegions = (
				en,
				Base,
				ar,
			);
			mainGroup = 3CB222672B95EE5C003694BC;
			packageReferences = (
				3CB222A72B95FB01003694BC /* XCRemoteSwiftPackageReference "swift-composable-architecture" */,
				3CB222AA2B95FB24003694BC /* XCRemoteSwiftPackageReference "BMSwiftNetworking" */,
				3CB222AD2B95FB4D003694BC /* XCRemoteSwiftPackageReference "BMSwiftUI" */,
				3C7C50412B96146500FB260B /* XCRemoteSwiftPackageReference "xcstrings-tool-plugin" */,
			);
			productRefGroup = 3CB222712B95EE5C003694BC /* Products */;
			projectDirPath = "";
			projectRoot = "";
			targets = (
				3CB2226F2B95EE5C003694BC /* ECommerceTCA */,
				3CB2227F2B95EE5D003694BC /* ECommerceTCATests */,
				3CB222892B95EE5E003694BC /* ECommerceTCAUITests */,
			);
		};
/* End PBXProject section */

/* Begin PBXResourcesBuildPhase section */
		3CB2226E2B95EE5C003694BC /* Resources */ = {
			isa = PBXResourcesBuildPhase;
			buildActionMask = 2147483647;
			files = (
				3CB222782B95EE5D003694BC /* Images.xcassets in Resources */,
				3C7C50402B96113700FB260B /* Colors.xcassets in Resources */,
				3C7C504B2B961C4900FB260B /* Localizable.xcstrings in Resources */,
				3CB222A52B95F9A6003694BC /* Launch Screen.storyboard in Resources */,
			);
			runOnlyForDeploymentPostprocessing = 0;
		};
		3CB2227E2B95EE5D003694BC /* Resources */ = {
			isa = PBXResourcesBuildPhase;
			buildActionMask = 2147483647;
			files = (
			);
			runOnlyForDeploymentPostprocessing = 0;
		};
		3CB222882B95EE5E003694BC /* Resources */ = {
			isa = PBXResourcesBuildPhase;
			buildActionMask = 2147483647;
			files = (
			);
			runOnlyForDeploymentPostprocessing = 0;
		};
/* End PBXResourcesBuildPhase section */

/* Begin PBXSourcesBuildPhase section */
		3CB2226C2B95EE5C003694BC /* Sources */ = {
			isa = PBXSourcesBuildPhase;
			buildActionMask = 2147483647;
			files = (
				3CB222742B95EE5C003694BC /* ECommerceTCAApp.swift in Sources */,
				3C7C50532B96268700FB260B /* AppMasterView.swift in Sources */,
				3C66F7582B97136600EF78B6 /* AppConstants.swift in Sources */,
				3C66F7562B9712EC00EF78B6 /* AppEnums.swift in Sources */,
			);
			runOnlyForDeploymentPostprocessing = 0;
		};
		3CB2227C2B95EE5D003694BC /* Sources */ = {
			isa = PBXSourcesBuildPhase;
			buildActionMask = 2147483647;
			files = (
				3CB222852B95EE5D003694BC /* ECommerceTCATests.swift in Sources */,
			);
			runOnlyForDeploymentPostprocessing = 0;
		};
		3CB222862B95EE5E003694BC /* Sources */ = {
			isa = PBXSourcesBuildPhase;
			buildActionMask = 2147483647;
			files = (
				3CB222912B95EE5E003694BC /* ECommerceTCAUITestsLaunchTests.swift in Sources */,
				3CB2228F2B95EE5E003694BC /* ECommerceTCAUITests.swift in Sources */,
			);
			runOnlyForDeploymentPostprocessing = 0;
		};
/* End PBXSourcesBuildPhase section */

/* Begin PBXTargetDependency section */
		3C7C50442B9614A300FB260B /* PBXTargetDependency */ = {
			isa = PBXTargetDependency;
			productRef = 3C7C50432B9614A300FB260B /* XCStringsToolPlugin */;
		};
		3CB222822B95EE5D003694BC /* PBXTargetDependency */ = {
			isa = PBXTargetDependency;
			target = 3CB2226F2B95EE5C003694BC /* ECommerceTCA */;
			targetProxy = 3CB222812B95EE5D003694BC /* PBXContainerItemProxy */;
		};
		3CB2228C2B95EE5E003694BC /* PBXTargetDependency */ = {
			isa = PBXTargetDependency;
			target = 3CB2226F2B95EE5C003694BC /* ECommerceTCA */;
			targetProxy = 3CB2228B2B95EE5E003694BC /* PBXContainerItemProxy */;
		};
/* End PBXTargetDependency section */

/* Begin XCBuildConfiguration section */
		3CB222922B95EE5E003694BC /* Debug */ = {
			isa = XCBuildConfiguration;
			buildSettings = {
				ALWAYS_SEARCH_USER_PATHS = NO;
				ASSETCATALOG_COMPILER_GENERATE_SWIFT_ASSET_SYMBOL_EXTENSIONS = YES;
				CLANG_ANALYZER_NONNULL = YES;
				CLANG_ANALYZER_NUMBER_OBJECT_CONVERSION = YES_AGGRESSIVE;
				CLANG_CXX_LANGUAGE_STANDARD = "gnu++20";
				CLANG_ENABLE_MODULES = YES;
				CLANG_ENABLE_OBJC_ARC = YES;
				CLANG_ENABLE_OBJC_WEAK = YES;
				CLANG_WARN_BLOCK_CAPTURE_AUTORELEASING = YES;
				CLANG_WARN_BOOL_CONVERSION = YES;
				CLANG_WARN_COMMA = YES;
				CLANG_WARN_CONSTANT_CONVERSION = YES;
				CLANG_WARN_DEPRECATED_OBJC_IMPLEMENTATIONS = YES;
				CLANG_WARN_DIRECT_OBJC_ISA_USAGE = YES_ERROR;
				CLANG_WARN_DOCUMENTATION_COMMENTS = YES;
				CLANG_WARN_EMPTY_BODY = YES;
				CLANG_WARN_ENUM_CONVERSION = YES;
				CLANG_WARN_INFINITE_RECURSION = YES;
				CLANG_WARN_INT_CONVERSION = YES;
				CLANG_WARN_NON_LITERAL_NULL_CONVERSION = YES;
				CLANG_WARN_OBJC_IMPLICIT_RETAIN_SELF = YES;
				CLANG_WARN_OBJC_LITERAL_CONVERSION = YES;
				CLANG_WARN_OBJC_ROOT_CLASS = YES_ERROR;
				CLANG_WARN_QUOTED_INCLUDE_IN_FRAMEWORK_HEADER = YES;
				CLANG_WARN_RANGE_LOOP_ANALYSIS = YES;
				CLANG_WARN_STRICT_PROTOTYPES = YES;
				CLANG_WARN_SUSPICIOUS_MOVE = YES;
				CLANG_WARN_UNGUARDED_AVAILABILITY = YES_AGGRESSIVE;
				CLANG_WARN_UNREACHABLE_CODE = YES;
				CLANG_WARN__DUPLICATE_METHOD_MATCH = YES;
				COPY_PHASE_STRIP = NO;
				DEBUG_INFORMATION_FORMAT = dwarf;
				ENABLE_STRICT_OBJC_MSGSEND = YES;
				ENABLE_TESTABILITY = YES;
				ENABLE_USER_SCRIPT_SANDBOXING = YES;
				GCC_C_LANGUAGE_STANDARD = gnu17;
				GCC_DYNAMIC_NO_PIC = NO;
				GCC_NO_COMMON_BLOCKS = YES;
				GCC_OPTIMIZATION_LEVEL = 0;
				GCC_PREPROCESSOR_DEFINITIONS = (
					"DEBUG=1",
					"$(inherited)",
				);
				GCC_WARN_64_TO_32_BIT_CONVERSION = YES;
				GCC_WARN_ABOUT_RETURN_TYPE = YES_ERROR;
				GCC_WARN_UNDECLARED_SELECTOR = YES;
				GCC_WARN_UNINITIALIZED_AUTOS = YES_AGGRESSIVE;
				GCC_WARN_UNUSED_FUNCTION = YES;
				GCC_WARN_UNUSED_VARIABLE = YES;
				IPHONEOS_DEPLOYMENT_TARGET = 16.0;
				LOCALIZATION_PREFERS_STRING_CATALOGS = YES;
				MTL_ENABLE_DEBUG_INFO = INCLUDE_SOURCE;
				MTL_FAST_MATH = YES;
				ONLY_ACTIVE_ARCH = YES;
				SDKROOT = iphoneos;
				SWIFT_ACTIVE_COMPILATION_CONDITIONS = "DEBUG $(inherited)";
				SWIFT_OPTIMIZATION_LEVEL = "-Onone";
			};
			name = Debug;
		};
		3CB222932B95EE5E003694BC /* Release */ = {
			isa = XCBuildConfiguration;
			buildSettings = {
				ALWAYS_SEARCH_USER_PATHS = NO;
				ASSETCATALOG_COMPILER_GENERATE_SWIFT_ASSET_SYMBOL_EXTENSIONS = YES;
				CLANG_ANALYZER_NONNULL = YES;
				CLANG_ANALYZER_NUMBER_OBJECT_CONVERSION = YES_AGGRESSIVE;
				CLANG_CXX_LANGUAGE_STANDARD = "gnu++20";
				CLANG_ENABLE_MODULES = YES;
				CLANG_ENABLE_OBJC_ARC = YES;
				CLANG_ENABLE_OBJC_WEAK = YES;
				CLANG_WARN_BLOCK_CAPTURE_AUTORELEASING = YES;
				CLANG_WARN_BOOL_CONVERSION = YES;
				CLANG_WARN_COMMA = YES;
				CLANG_WARN_CONSTANT_CONVERSION = YES;
				CLANG_WARN_DEPRECATED_OBJC_IMPLEMENTATIONS = YES;
				CLANG_WARN_DIRECT_OBJC_ISA_USAGE = YES_ERROR;
				CLANG_WARN_DOCUMENTATION_COMMENTS = YES;
				CLANG_WARN_EMPTY_BODY = YES;
				CLANG_WARN_ENUM_CONVERSION = YES;
				CLANG_WARN_INFINITE_RECURSION = YES;
				CLANG_WARN_INT_CONVERSION = YES;
				CLANG_WARN_NON_LITERAL_NULL_CONVERSION = YES;
				CLANG_WARN_OBJC_IMPLICIT_RETAIN_SELF = YES;
				CLANG_WARN_OBJC_LITERAL_CONVERSION = YES;
				CLANG_WARN_OBJC_ROOT_CLASS = YES_ERROR;
				CLANG_WARN_QUOTED_INCLUDE_IN_FRAMEWORK_HEADER = YES;
				CLANG_WARN_RANGE_LOOP_ANALYSIS = YES;
				CLANG_WARN_STRICT_PROTOTYPES = YES;
				CLANG_WARN_SUSPICIOUS_MOVE = YES;
				CLANG_WARN_UNGUARDED_AVAILABILITY = YES_AGGRESSIVE;
				CLANG_WARN_UNREACHABLE_CODE = YES;
				CLANG_WARN__DUPLICATE_METHOD_MATCH = YES;
				COPY_PHASE_STRIP = NO;
				DEBUG_INFORMATION_FORMAT = "dwarf-with-dsym";
				ENABLE_NS_ASSERTIONS = NO;
				ENABLE_STRICT_OBJC_MSGSEND = YES;
				ENABLE_USER_SCRIPT_SANDBOXING = YES;
				GCC_C_LANGUAGE_STANDARD = gnu17;
				GCC_NO_COMMON_BLOCKS = YES;
				GCC_WARN_64_TO_32_BIT_CONVERSION = YES;
				GCC_WARN_ABOUT_RETURN_TYPE = YES_ERROR;
				GCC_WARN_UNDECLARED_SELECTOR = YES;
				GCC_WARN_UNINITIALIZED_AUTOS = YES_AGGRESSIVE;
				GCC_WARN_UNUSED_FUNCTION = YES;
				GCC_WARN_UNUSED_VARIABLE = YES;
				IPHONEOS_DEPLOYMENT_TARGET = 16.0;
				LOCALIZATION_PREFERS_STRING_CATALOGS = YES;
				MTL_ENABLE_DEBUG_INFO = NO;
				MTL_FAST_MATH = YES;
				SDKROOT = iphoneos;
				SWIFT_COMPILATION_MODE = wholemodule;
				VALIDATE_PRODUCT = YES;
			};
			name = Release;
		};
		3CB222952B95EE5E003694BC /* Debug */ = {
			isa = XCBuildConfiguration;
			buildSettings = {
				ASSETCATALOG_COMPILER_APPICON_NAME = AppIcon;
				ASSETCATALOG_COMPILER_GLOBAL_ACCENT_COLOR_NAME = AccentColor;
				CODE_SIGN_IDENTITY = "Apple Development";
				CODE_SIGN_STYLE = Automatic;
				CURRENT_PROJECT_VERSION = 1;
				DEVELOPMENT_ASSET_PATHS = "";
				DEVELOPMENT_TEAM = JPMQ9K77T6;
				ENABLE_PREVIEWS = YES;
				GENERATE_INFOPLIST_FILE = YES;
				INFOPLIST_FILE = ECommerceTCA/App/Info.plist;
				INFOPLIST_KEY_CFBundleDisplayName = ECommerceTCA;
				INFOPLIST_KEY_UIApplicationSceneManifest_Generation = YES;
				INFOPLIST_KEY_UIApplicationSupportsIndirectInputEvents = YES;
				INFOPLIST_KEY_UILaunchScreen_Generation = YES;
				INFOPLIST_KEY_UILaunchStoryboardName = "Launch Screen.storyboard";
				INFOPLIST_KEY_UIStatusBarStyle = UIStatusBarStyleLightContent;
				INFOPLIST_KEY_UISupportedInterfaceOrientations = UIInterfaceOrientationPortrait;
				INFOPLIST_KEY_UISupportedInterfaceOrientations_iPad = "UIInterfaceOrientationLandscapeLeft UIInterfaceOrientationLandscapeRight UIInterfaceOrientationPortrait UIInterfaceOrientationPortraitUpsideDown";
				LD_RUNPATH_SEARCH_PATHS = (
					"$(inherited)",
					"@executable_path/Frameworks",
				);
				LOCALIZED_STRING_SWIFTUI_SUPPORT = NO;
				MARKETING_VERSION = 1.0;
				PRODUCT_BUNDLE_IDENTIFIER = com.BM.TCA.ECommerceTCA;
				PRODUCT_NAME = "$(TARGET_NAME)";
				PROVISIONING_PROFILE_SPECIFIER = "";
				SUPPORTED_PLATFORMS = "iphoneos iphonesimulator";
				SUPPORTS_MACCATALYST = NO;
				SUPPORTS_MAC_DESIGNED_FOR_IPHONE_IPAD = NO;
				SUPPORTS_XR_DESIGNED_FOR_IPHONE_IPAD = NO;
				SWIFT_EMIT_LOC_STRINGS = NO;
				SWIFT_VERSION = 5.0;
				TARGETED_DEVICE_FAMILY = 1;
			};
			name = Debug;
		};
		3CB222962B95EE5E003694BC /* Release */ = {
			isa = XCBuildConfiguration;
			buildSettings = {
				ASSETCATALOG_COMPILER_APPICON_NAME = AppIcon;
				ASSETCATALOG_COMPILER_GLOBAL_ACCENT_COLOR_NAME = AccentColor;
				CODE_SIGN_IDENTITY = "Apple Development";
				CODE_SIGN_STYLE = Automatic;
				CURRENT_PROJECT_VERSION = 1;
				DEVELOPMENT_ASSET_PATHS = "";
				DEVELOPMENT_TEAM = JPMQ9K77T6;
				ENABLE_PREVIEWS = YES;
				GENERATE_INFOPLIST_FILE = YES;
				INFOPLIST_FILE = ECommerceTCA/App/Info.plist;
				INFOPLIST_KEY_CFBundleDisplayName = ECommerceTCA;
				INFOPLIST_KEY_UIApplicationSceneManifest_Generation = YES;
				INFOPLIST_KEY_UIApplicationSupportsIndirectInputEvents = YES;
				INFOPLIST_KEY_UILaunchScreen_Generation = YES;
				INFOPLIST_KEY_UILaunchStoryboardName = "Launch Screen.storyboard";
				INFOPLIST_KEY_UIStatusBarStyle = UIStatusBarStyleLightContent;
				INFOPLIST_KEY_UISupportedInterfaceOrientations = UIInterfaceOrientationPortrait;
				INFOPLIST_KEY_UISupportedInterfaceOrientations_iPad = "UIInterfaceOrientationLandscapeLeft UIInterfaceOrientationLandscapeRight UIInterfaceOrientationPortrait UIInterfaceOrientationPortraitUpsideDown";
				LD_RUNPATH_SEARCH_PATHS = (
					"$(inherited)",
					"@executable_path/Frameworks",
				);
				LOCALIZED_STRING_SWIFTUI_SUPPORT = NO;
				MARKETING_VERSION = 1.0;
				PRODUCT_BUNDLE_IDENTIFIER = com.BM.TCA.ECommerceTCA;
				PRODUCT_NAME = "$(TARGET_NAME)";
				PROVISIONING_PROFILE_SPECIFIER = "";
				SUPPORTED_PLATFORMS = "iphoneos iphonesimulator";
				SUPPORTS_MACCATALYST = NO;
				SUPPORTS_MAC_DESIGNED_FOR_IPHONE_IPAD = NO;
				SUPPORTS_XR_DESIGNED_FOR_IPHONE_IPAD = NO;
				SWIFT_EMIT_LOC_STRINGS = NO;
				SWIFT_VERSION = 5.0;
				TARGETED_DEVICE_FAMILY = 1;
			};
			name = Release;
		};
		3CB222982B95EE5E003694BC /* Debug */ = {
			isa = XCBuildConfiguration;
			buildSettings = {
				ALWAYS_EMBED_SWIFT_STANDARD_LIBRARIES = YES;
				BUNDLE_LOADER = "$(TEST_HOST)";
				CODE_SIGN_STYLE = Automatic;
				CURRENT_PROJECT_VERSION = 1;
				DEVELOPMENT_TEAM = JPMQ9K77T6;
				GENERATE_INFOPLIST_FILE = YES;
				IPHONEOS_DEPLOYMENT_TARGET = 17.2;
				MARKETING_VERSION = 1.0;
				PRODUCT_BUNDLE_IDENTIFIER = com.BM.TCA.ECommerceTCATests;
				PRODUCT_NAME = "$(TARGET_NAME)";
				SWIFT_EMIT_LOC_STRINGS = NO;
				SWIFT_VERSION = 5.0;
				TARGETED_DEVICE_FAMILY = "1,2";
				TEST_HOST = "$(BUILT_PRODUCTS_DIR)/ECommerceTCA.app/$(BUNDLE_EXECUTABLE_FOLDER_PATH)/ECommerceTCA";
			};
			name = Debug;
		};
		3CB222992B95EE5E003694BC /* Release */ = {
			isa = XCBuildConfiguration;
			buildSettings = {
				ALWAYS_EMBED_SWIFT_STANDARD_LIBRARIES = YES;
				BUNDLE_LOADER = "$(TEST_HOST)";
				CODE_SIGN_STYLE = Automatic;
				CURRENT_PROJECT_VERSION = 1;
				DEVELOPMENT_TEAM = JPMQ9K77T6;
				GENERATE_INFOPLIST_FILE = YES;
				IPHONEOS_DEPLOYMENT_TARGET = 17.2;
				MARKETING_VERSION = 1.0;
				PRODUCT_BUNDLE_IDENTIFIER = com.BM.TCA.ECommerceTCATests;
				PRODUCT_NAME = "$(TARGET_NAME)";
				SWIFT_EMIT_LOC_STRINGS = NO;
				SWIFT_VERSION = 5.0;
				TARGETED_DEVICE_FAMILY = "1,2";
				TEST_HOST = "$(BUILT_PRODUCTS_DIR)/ECommerceTCA.app/$(BUNDLE_EXECUTABLE_FOLDER_PATH)/ECommerceTCA";
			};
			name = Release;
		};
		3CB2229B2B95EE5E003694BC /* Debug */ = {
			isa = XCBuildConfiguration;
			buildSettings = {
				ALWAYS_EMBED_SWIFT_STANDARD_LIBRARIES = YES;
				CODE_SIGN_STYLE = Automatic;
				CURRENT_PROJECT_VERSION = 1;
				DEVELOPMENT_TEAM = JPMQ9K77T6;
				GENERATE_INFOPLIST_FILE = YES;
				MARKETING_VERSION = 1.0;
				PRODUCT_BUNDLE_IDENTIFIER = com.BM.TCA.ECommerceTCAUITests;
				PRODUCT_NAME = "$(TARGET_NAME)";
				SWIFT_EMIT_LOC_STRINGS = NO;
				SWIFT_VERSION = 5.0;
				TARGETED_DEVICE_FAMILY = "1,2";
				TEST_TARGET_NAME = ECommerceTCA;
			};
			name = Debug;
		};
		3CB2229C2B95EE5E003694BC /* Release */ = {
			isa = XCBuildConfiguration;
			buildSettings = {
				ALWAYS_EMBED_SWIFT_STANDARD_LIBRARIES = YES;
				CODE_SIGN_STYLE = Automatic;
				CURRENT_PROJECT_VERSION = 1;
				DEVELOPMENT_TEAM = JPMQ9K77T6;
				GENERATE_INFOPLIST_FILE = YES;
				MARKETING_VERSION = 1.0;
				PRODUCT_BUNDLE_IDENTIFIER = com.BM.TCA.ECommerceTCAUITests;
				PRODUCT_NAME = "$(TARGET_NAME)";
				SWIFT_EMIT_LOC_STRINGS = NO;
				SWIFT_VERSION = 5.0;
				TARGETED_DEVICE_FAMILY = "1,2";
				TEST_TARGET_NAME = ECommerceTCA;
			};
			name = Release;
		};
/* End XCBuildConfiguration section */

/* Begin XCConfigurationList section */
		3CB2226B2B95EE5C003694BC /* Build configuration list for PBXProject "ECommerceTCA" */ = {
			isa = XCConfigurationList;
			buildConfigurations = (
				3CB222922B95EE5E003694BC /* Debug */,
				3CB222932B95EE5E003694BC /* Release */,
			);
			defaultConfigurationIsVisible = 0;
			defaultConfigurationName = Release;
		};
		3CB222942B95EE5E003694BC /* Build configuration list for PBXNativeTarget "ECommerceTCA" */ = {
			isa = XCConfigurationList;
			buildConfigurations = (
				3CB222952B95EE5E003694BC /* Debug */,
				3CB222962B95EE5E003694BC /* Release */,
			);
			defaultConfigurationIsVisible = 0;
			defaultConfigurationName = Release;
		};
		3CB222972B95EE5E003694BC /* Build configuration list for PBXNativeTarget "ECommerceTCATests" */ = {
			isa = XCConfigurationList;
			buildConfigurations = (
				3CB222982B95EE5E003694BC /* Debug */,
				3CB222992B95EE5E003694BC /* Release */,
			);
			defaultConfigurationIsVisible = 0;
			defaultConfigurationName = Release;
		};
		3CB2229A2B95EE5E003694BC /* Build configuration list for PBXNativeTarget "ECommerceTCAUITests" */ = {
			isa = XCConfigurationList;
			buildConfigurations = (
				3CB2229B2B95EE5E003694BC /* Debug */,
				3CB2229C2B95EE5E003694BC /* Release */,
			);
			defaultConfigurationIsVisible = 0;
			defaultConfigurationName = Release;
		};
/* End XCConfigurationList section */

/* Begin XCRemoteSwiftPackageReference section */
		3C7C50412B96146500FB260B /* XCRemoteSwiftPackageReference "xcstrings-tool-plugin" */ = {
			isa = XCRemoteSwiftPackageReference;
			repositoryURL = "https://github.com/liamnichols/xcstrings-tool-plugin";
			requirement = {
				kind = upToNextMajorVersion;
				minimumVersion = 0.1.2;
			};
		};
		3CB222A72B95FB01003694BC /* XCRemoteSwiftPackageReference "swift-composable-architecture" */ = {
			isa = XCRemoteSwiftPackageReference;
			repositoryURL = "https://github.com/pointfreeco/swift-composable-architecture.git";
			requirement = {
				branch = "shared-state-beta";
				kind = branch;
			};
		};
		3CB222AA2B95FB24003694BC /* XCRemoteSwiftPackageReference "BMSwiftNetworking" */ = {
			isa = XCRemoteSwiftPackageReference;
			repositoryURL = "https://github.com/BakrIOS91/BMSwiftNetworking";
			requirement = {
				kind = upToNextMajorVersion;
				minimumVersion = 0.1.0;
			};
		};
		3CB222AD2B95FB4D003694BC /* XCRemoteSwiftPackageReference "BMSwiftUI" */ = {
			isa = XCRemoteSwiftPackageReference;
			repositoryURL = "https://github.com/BakrIOS91/BMSwiftUI";
			requirement = {
				kind = upToNextMajorVersion;
				minimumVersion = 0.1.0;
			};
		};
/* End XCRemoteSwiftPackageReference section */

/* Begin XCSwiftPackageProductDependency section */
		3C7C50432B9614A300FB260B /* XCStringsToolPlugin */ = {
			isa = XCSwiftPackageProductDependency;
			package = 3C7C50412B96146500FB260B /* XCRemoteSwiftPackageReference "xcstrings-tool-plugin" */;
			productName = "plugin:XCStringsToolPlugin";
		};
		3CB222A82B95FB01003694BC /* ComposableArchitecture */ = {
			isa = XCSwiftPackageProductDependency;
			package = 3CB222A72B95FB01003694BC /* XCRemoteSwiftPackageReference "swift-composable-architecture" */;
			productName = ComposableArchitecture;
		};
		3CB222AB2B95FB24003694BC /* BMSwiftNetworking */ = {
			isa = XCSwiftPackageProductDependency;
			package = 3CB222AA2B95FB24003694BC /* XCRemoteSwiftPackageReference "BMSwiftNetworking" */;
			productName = BMSwiftNetworking;
		};
		3CB222AE2B95FB4D003694BC /* BMSwiftUI */ = {
			isa = XCSwiftPackageProductDependency;
			package = 3CB222AD2B95FB4D003694BC /* XCRemoteSwiftPackageReference "BMSwiftUI" */;
			productName = BMSwiftUI;
		};
/* End XCSwiftPackageProductDependency section */
	};
	rootObject = 3CB222682B95EE5C003694BC /* Project object */;
}
